
Microsoft Visual Studio Solution File, Format Version 12.00
# Visual Studio Version 17
VisualStudioVersion = 17.8.34330.188
MinimumVisualStudioVersion = 10.0.40219.1
Project("{8BC9CEB8-8B4A-11D0-8D11-00A0C91BC942}") = "Program", "Program.vcxproj", "{C0E960E1-9EEC-4C06-9696-E54C17E3060E}"
EndProject
Project("{8BC9CEB8-8B4A-11D0-8D11-00A0C91BC942}") = "Class1th (Time Complexity)", "..\Class1th (Time Complexity)\Class1th (Time Complexity).vcxproj", "{932DD664-9D8E-4AA4-AC41-52557741293D}"
EndProject
Project("{8BC9CEB8-8B4A-11D0-8D11-00A0C91BC942}") = "Class2th (Single Linked List)", "..\Class2th (Single Linked List)\Class2th (Single Linked List).vcxproj", "{A9014FAD-6156-4B1D-89BE-789200719281}"
EndProject
Project("{8BC9CEB8-8B4A-11D0-8D11-00A0C91BC942}") = "Class3th (Double Linked List)", "..\Class3th (Double Linked List)\Class3th (Double Linked List).vcxproj", "{3F10BD44-41CB-4A13-8AE5-D15398D70233}"
EndProject
Project("{8BC9CEB8-8B4A-11D0-8D11-00A0C91BC942}") = "Class4th (Circle Linked List)", "..\Class4th (Circle Linked List)\Class4th (Circle Linked List).vcxproj", "{75BD998F-5EAB-453C-BFE6-CCB6F45D06CF}"
EndProject
Project("{8BC9CEB8-8B4A-11D0-8D11-00A0C91BC942}") = "Class5th (Linear Queue)", "..\Class5th (Linear Queue)\Class5th (Linear Queue).vcxproj", "{C35AB807-18B7-4876-B653-A2D72BB7997A}"
EndProject
Project("{8BC9CEB8-8B4A-11D0-8D11-00A0C91BC942}") = "Class6th (Circular Queue)", "..\Class6th (Circular Queue)\Class6th (Circular Queue).vcxproj", "{D2B89DA1-D9B8-4855-BFED-52984584EA65}"
EndProject
Project("{8BC9CEB8-8B4A-11D0-8D11-00A0C91BC942}") = "Class7th (Operator Overloading)", "..\Class7th (Operator Overloading)\Class7th (Operator Overloading).vcxproj", "{B6771CDC-38BA-42DA-8E54-F65A0EB5E1A1}"
EndProject
Project("{8BC9CEB8-8B4A-11D0-8D11-00A0C91BC942}") = "Class8th (Vector)", "..\Class8th (Vector)\Class8th (Vector).vcxproj", "{2D08AF18-D8AB-4909-95FD-BE72C667980D}"
EndProject
Project("{8BC9CEB8-8B4A-11D0-8D11-00A0C91BC942}") = "Class9th (Stack)", "..\Class9th (Stack)\Class9th (Stack).vcxproj", "{EFA30D10-429F-494F-8C56-82CFB12A93F8}"
EndProject
Project("{8BC9CEB8-8B4A-11D0-8D11-00A0C91BC942}") = "Class10th (Tree)", "..\Class10th (Tree)\Class10th (Tree).vcxproj", "{F190F7E6-DA57-4FF4-8574-6E5FD11A2480}"
EndProject
Project("{8BC9CEB8-8B4A-11D0-8D11-00A0C91BC942}") = "Class11th (Heap)", "..\Class11th (Heap)\Class11th (Heap).vcxproj", "{EF107719-6680-4CEF-A9BA-AA3F34BE92E1}"
EndProject
Project("{8BC9CEB8-8B4A-11D0-8D11-00A0C91BC942}") = "Class12th (HashTable)", "..\Class12th (HashTable)\Class12th (HashTable).vcxproj", "{44ABA667-7CDA-4EB6-A113-4124745274F5}"
EndProject
Global
	GlobalSection(SolutionConfigurationPlatforms) = preSolution
		Debug|x64 = Debug|x64
		Debug|x86 = Debug|x86
		Release|x64 = Release|x64
		Release|x86 = Release|x86
	EndGlobalSection
	GlobalSection(ProjectConfigurationPlatforms) = postSolution
		{C0E960E1-9EEC-4C06-9696-E54C17E3060E}.Debug|x64.ActiveCfg = Debug|x64
		{C0E960E1-9EEC-4C06-9696-E54C17E3060E}.Debug|x64.Build.0 = Debug|x64
		{C0E960E1-9EEC-4C06-9696-E54C17E3060E}.Debug|x86.ActiveCfg = Debug|Win32
		{C0E960E1-9EEC-4C06-9696-E54C17E3060E}.Debug|x86.Build.0 = Debug|Win32
		{C0E960E1-9EEC-4C06-9696-E54C17E3060E}.Release|x64.ActiveCfg = Release|x64
		{C0E960E1-9EEC-4C06-9696-E54C17E3060E}.Release|x64.Build.0 = Release|x64
		{C0E960E1-9EEC-4C06-9696-E54C17E3060E}.Release|x86.ActiveCfg = Release|Win32
		{C0E960E1-9EEC-4C06-9696-E54C17E3060E}.Release|x86.Build.0 = Release|Win32
		{932DD664-9D8E-4AA4-AC41-52557741293D}.Debug|x64.ActiveCfg = Debug|x64
		{932DD664-9D8E-4AA4-AC41-52557741293D}.Debug|x64.Build.0 = Debug|x64
		{932DD664-9D8E-4AA4-AC41-52557741293D}.Debug|x86.ActiveCfg = Debug|Win32
		{932DD664-9D8E-4AA4-AC41-52557741293D}.Debug|x86.Build.0 = Debug|Win32
		{932DD664-9D8E-4AA4-AC41-52557741293D}.Release|x64.ActiveCfg = Release|x64
		{932DD664-9D8E-4AA4-AC41-52557741293D}.Release|x64.Build.0 = Release|x64
		{932DD664-9D8E-4AA4-AC41-52557741293D}.Release|x86.ActiveCfg = Release|Win32
		{932DD664-9D8E-4AA4-AC41-52557741293D}.Release|x86.Build.0 = Release|Win32
		{A9014FAD-6156-4B1D-89BE-789200719281}.Debug|x64.ActiveCfg = Debug|x64
		{A9014FAD-6156-4B1D-89BE-789200719281}.Debug|x64.Build.0 = Debug|x64
		{A9014FAD-6156-4B1D-89BE-789200719281}.Debug|x86.ActiveCfg = Debug|Win32
		{A9014FAD-6156-4B1D-89BE-789200719281}.Debug|x86.Build.0 = Debug|Win32
		{A9014FAD-6156-4B1D-89BE-789200719281}.Release|x64.ActiveCfg = Release|x64
		{A9014FAD-6156-4B1D-89BE-789200719281}.Release|x64.Build.0 = Release|x64
		{A9014FAD-6156-4B1D-89BE-789200719281}.Release|x86.ActiveCfg = Release|Win32
		{A9014FAD-6156-4B1D-89BE-789200719281}.Release|x86.Build.0 = Release|Win32
		{3F10BD44-41CB-4A13-8AE5-D15398D70233}.Debug|x64.ActiveCfg = Debug|x64
		{3F10BD44-41CB-4A13-8AE5-D15398D70233}.Debug|x64.Build.0 = Debug|x64
		{3F10BD44-41CB-4A13-8AE5-D15398D70233}.Debug|x86.ActiveCfg = Debug|Win32
		{3F10BD44-41CB-4A13-8AE5-D15398D70233}.Debug|x86.Build.0 = Debug|Win32
		{3F10BD44-41CB-4A13-8AE5-D15398D70233}.Release|x64.ActiveCfg = Release|x64
		{3F10BD44-41CB-4A13-8AE5-D15398D70233}.Release|x64.Build.0 = Release|x64
		{3F10BD44-41CB-4A13-8AE5-D15398D70233}.Release|x86.ActiveCfg = Release|Win32
		{3F10BD44-41CB-4A13-8AE5-D15398D70233}.Release|x86.Build.0 = Release|Win32
		{75BD998F-5EAB-453C-BFE6-CCB6F45D06CF}.Debug|x64.ActiveCfg = Debug|x64
		{75BD998F-5EAB-453C-BFE6-CCB6F45D06CF}.Debug|x64.Build.0 = Debug|x64
		{75BD998F-5EAB-453C-BFE6-CCB6F45D06CF}.Debug|x86.ActiveCfg = Debug|Win32
		{75BD998F-5EAB-453C-BFE6-CCB6F45D06CF}.Debug|x86.Build.0 = Debug|Win32
		{75BD998F-5EAB-453C-BFE6-CCB6F45D06CF}.Release|x64.ActiveCfg = Release|x64
		{75BD998F-5EAB-453C-BFE6-CCB6F45D06CF}.Release|x64.Build.0 = Release|x64
		{75BD998F-5EAB-453C-BFE6-CCB6F45D06CF}.Release|x86.ActiveCfg = Release|Win32
		{75BD998F-5EAB-453C-BFE6-CCB6F45D06CF}.Release|x86.Build.0 = Release|Win32
		{C35AB807-18B7-4876-B653-A2D72BB7997A}.Debug|x64.ActiveCfg = Debug|x64
		{C35AB807-18B7-4876-B653-A2D72BB7997A}.Debug|x64.Build.0 = Debug|x64
		{C35AB807-18B7-4876-B653-A2D72BB7997A}.Debug|x86.ActiveCfg = Debug|Win32
		{C35AB807-18B7-4876-B653-A2D72BB7997A}.Debug|x86.Build.0 = Debug|Win32
		{C35AB807-18B7-4876-B653-A2D72BB7997A}.Release|x64.ActiveCfg = Release|x64
		{C35AB807-18B7-4876-B653-A2D72BB7997A}.Release|x64.Build.0 = Release|x64
		{C35AB807-18B7-4876-B653-A2D72BB7997A}.Release|x86.ActiveCfg = Release|Win32
		{C35AB807-18B7-4876-B653-A2D72BB7997A}.Release|x86.Build.0 = Release|Win32
		{D2B89DA1-D9B8-4855-BFED-52984584EA65}.Debug|x64.ActiveCfg = Debug|x64
		{D2B89DA1-D9B8-4855-BFED-52984584EA65}.Debug|x64.Build.0 = Debug|x64
		{D2B89DA1-D9B8-4855-BFED-52984584EA65}.Debug|x86.ActiveCfg = Debug|Win32
		{D2B89DA1-D9B8-4855-BFED-52984584EA65}.Debug|x86.Build.0 = Debug|Win32
		{D2B89DA1-D9B8-4855-BFED-52984584EA65}.Release|x64.ActiveCfg = Release|x64
		{D2B89DA1-D9B8-4855-BFED-52984584EA65}.Release|x64.Build.0 = Release|x64
		{D2B89DA1-D9B8-4855-BFED-52984584EA65}.Release|x86.ActiveCfg = Release|Win32
		{D2B89DA1-D9B8-4855-BFED-52984584EA65}.Release|x86.Build.0 = Release|Win32
		{B6771CDC-38BA-42DA-8E54-F65A0EB5E1A1}.Debug|x64.ActiveCfg = Debug|x64
		{B6771CDC-38BA-42DA-8E54-F65A0EB5E1A1}.Debug|x64.Build.0 = Debug|x64
		{B6771CDC-38BA-42DA-8E54-F65A0EB5E1A1}.Debug|x86.ActiveCfg = Debug|Win32
		{B6771CDC-38BA-42DA-8E54-F65A0EB5E1A1}.Debug|x86.Build.0 = Debug|Win32
		{B6771CDC-38BA-42DA-8E54-F65A0EB5E1A1}.Release|x64.ActiveCfg = Release|x64
		{B6771CDC-38BA-42DA-8E54-F65A0EB5E1A1}.Release|x64.Build.0 = Release|x64
		{B6771CDC-38BA-42DA-8E54-F65A0EB5E1A1}.Release|x86.ActiveCfg = Release|Win32
		{B6771CDC-38BA-42DA-8E54-F65A0EB5E1A1}.Release|x86.Build.0 = Release|Win32
		{2D08AF18-D8AB-4909-95FD-BE72C667980D}.Debug|x64.ActiveCfg = Debug|x64
		{2D08AF18-D8AB-4909-95FD-BE72C667980D}.Debug|x64.Build.0 = Debug|x64
		{2D08AF18-D8AB-4909-95FD-BE72C667980D}.Debug|x86.ActiveCfg = Debug|Win32
		{2D08AF18-D8AB-4909-95FD-BE72C667980D}.Debug|x86.Build.0 = Debug|Win32
		{2D08AF18-D8AB-4909-95FD-BE72C667980D}.Release|x64.ActiveCfg = Release|x64
		{2D08AF18-D8AB-4909-95FD-BE72C667980D}.Release|x64.Build.0 = Release|x64
		{2D08AF18-D8AB-4909-95FD-BE72C667980D}.Release|x86.ActiveCfg = Release|Win32
		{2D08AF18-D8AB-4909-95FD-BE72C667980D}.Release|x86.Build.0 = Release|Win32
		{EFA30D10-429F-494F-8C56-82CFB12A93F8}.Debug|x64.ActiveCfg = Debug|x64
		{EFA30D10-429F-494F-8C56-82CFB12A93F8}.Debug|x64.Build.0 = Debug|x64
		{EFA30D10-429F-494F-8C56-82CFB12A93F8}.Debug|x86.ActiveCfg = Debug|Win32
		{EFA30D10-429F-494F-8C56-82CFB12A93F8}.Debug|x86.Build.0 = Debug|Win32
		{EFA30D10-429F-494F-8C56-82CFB12A93F8}.Release|x64.ActiveCfg = Release|x64
		{EFA30D10-429F-494F-8C56-82CFB12A93F8}.Release|x64.Build.0 = Release|x64
		{EFA30D10-429F-494F-8C56-82CFB12A93F8}.Release|x86.ActiveCfg = Release|Win32
		{EFA30D10-429F-494F-8C56-82CFB12A93F8}.Release|x86.Build.0 = Release|Win32
		{F190F7E6-DA57-4FF4-8574-6E5FD11A2480}.Debug|x64.ActiveCfg = Debug|x64
		{F190F7E6-DA57-4FF4-8574-6E5FD11A2480}.Debug|x64.Build.0 = Debug|x64
		{F190F7E6-DA57-4FF4-8574-6E5FD11A2480}.Debug|x86.ActiveCfg = Debug|Win32
		{F190F7E6-DA57-4FF4-8574-6E5FD11A2480}.Debug|x86.Build.0 = Debug|Win32
		{F190F7E6-DA57-4FF4-8574-6E5FD11A2480}.Release|x64.ActiveCfg = Release|x64
		{F190F7E6-DA57-4FF4-8574-6E5FD11A2480}.Release|x64.Build.0 = Release|x64
		{F190F7E6-DA57-4FF4-8574-6E5FD11A2480}.Release|x86.ActiveCfg = Release|Win32
		{F190F7E6-DA57-4FF4-8574-6E5FD11A2480}.Release|x86.Build.0 = Release|Win32
		{EF107719-6680-4CEF-A9BA-AA3F34BE92E1}.Debug|x64.ActiveCfg = Debug|x64
		{EF107719-6680-4CEF-A9BA-AA3F34BE92E1}.Debug|x64.Build.0 = Debug|x64
		{EF107719-6680-4CEF-A9BA-AA3F34BE92E1}.Debug|x86.ActiveCfg = Debug|Win32
		{EF107719-6680-4CEF-A9BA-AA3F34BE92E1}.Debug|x86.Build.0 = Debug|Win32
		{EF107719-6680-4CEF-A9BA-AA3F34BE92E1}.Release|x64.ActiveCfg = Release|x64
		{EF107719-6680-4CEF-A9BA-AA3F34BE92E1}.Release|x64.Build.0 = Release|x64
		{EF107719-6680-4CEF-A9BA-AA3F34BE92E1}.Release|x86.ActiveCfg = Release|Win32
		{EF107719-6680-4CEF-A9BA-AA3F34BE92E1}.Release|x86.Build.0 = Release|Win32
		{44ABA667-7CDA-4EB6-A113-4124745274F5}.Debug|x64.ActiveCfg = Debug|x64
		{44ABA667-7CDA-4EB6-A113-4124745274F5}.Debug|x64.Build.0 = Debug|x64
		{44ABA667-7CDA-4EB6-A113-4124745274F5}.Debug|x86.ActiveCfg = Debug|Win32
		{44ABA667-7CDA-4EB6-A113-4124745274F5}.Debug|x86.Build.0 = Debug|Win32
		{44ABA667-7CDA-4EB6-A113-4124745274F5}.Release|x64.ActiveCfg = Release|x64
		{44ABA667-7CDA-4EB6-A113-4124745274F5}.Release|x64.Build.0 = Release|x64
		{44ABA667-7CDA-4EB6-A113-4124745274F5}.Release|x86.ActiveCfg = Release|Win32
		{44ABA667-7CDA-4EB6-A113-4124745274F5}.Release|x86.Build.0 = Release|Win32
	EndGlobalSection
	GlobalSection(SolutionProperties) = preSolution
		HideSolutionNode = FALSE
	EndGlobalSection
	GlobalSection(ExtensibilityGlobals) = postSolution
		SolutionGuid = {73619BB5-E44F-4C55-945D-7A3DECD25D26}
	EndGlobalSection
EndGlobal
